
Microsoft Visual Studio Solution File, Format Version 12.00
# Visual Studio Version 17
VisualStudioVersion = 17.2.32630.192
MinimumVisualStudioVersion = 10.0.40219.1
Project("{FAE04EC0-301F-11D3-BF4B-00C04F79EFBC}") = "RUAP-LV6", "RUAP-LV6\RUAP-LV6.csproj", "{8306697E-9FD8-48DA-B50C-5E8C7943EEE3}"
EndProject
Global
	GlobalSection(SolutionConfigurationPlatforms) = preSolution
		Debug|Any CPU = Debug|Any CPU
		Release|Any CPU = Release|Any CPU
	EndGlobalSection
	GlobalSection(ProjectConfigurationPlatforms) = postSolution
		{8306697E-9FD8-48DA-B50C-5E8C7943EEE3}.Debug|Any CPU.ActiveCfg = Debug|Any CPU
		{8306697E-9FD8-48DA-B50C-5E8C7943EEE3}.Debug|Any CPU.Build.0 = Debug|Any CPU
		{8306697E-9FD8-48DA-B50C-5E8C7943EEE3}.Release|Any CPU.ActiveCfg = Release|Any CPU
		{8306697E-9FD8-48DA-B50C-5E8C7943EEE3}.Release|Any CPU.Build.0 = Release|Any CPU
	EndGlobalSection
	GlobalSection(SolutionProperties) = preSolution
		HideSolutionNode = FALSE
	EndGlobalSection
	GlobalSection(ExtensibilityGlobals) = postSolution
		SolutionGuid = {F538101A-FA5E-45B4-A47E-B8831EE0EBCC}
	EndGlobalSection
EndGlobal
